<Solution>
  <Folder Name="/src/">
    <Project Path="src/JobTracker.App/JobTracker.App.csproj" />
    <Project Path="src/JobTracker.Core/JobTracker.Core.csproj" />
  </Folder>
  <Folder Name="/tests/">
    <Project Path="tests/JobTracker.Core.Tests/JobTracker.Core.Tests.csproj" />
  </Folder>
</Solution>
